github.com/LordAvorio/go-say-hello v1.0.0 h1:zaNbSNWrjTwIivHpqi5WHCbsJK9bRdI8PqtovhnEQ3Q=
github.com/LordAvorio/go-say-hello v1.0.0/go.mod h1:rmRc653UgfYnQF9aRjuTR+2RAo8Fpiv5SyI6fESIRK0=
github.com/LordAvorio/go-say-hello v1.0.1 h1:Q/CIlwkgjNx5QXQMJVQ0qbMk7sPvoMuCAs6k4B2ZKyo=
github.com/LordAvorio/go-say-hello v1.0.1/go.mod h1:rmRc653UgfYnQF9aRjuTR+2RAo8Fpiv5SyI6fESIRK0=
github.com/LordAvorio/go-say-hello/v2 v2.0.0 h1:9GotrHTnOwDaCoADX2rXPGCvhpPLxQo1CYRAiEa0WNQ=
github.com/LordAvorio/go-say-hello/v2 v2.0.0/go.mod h1:U17paEKdfqjd0MHzdhvfqzfxSlaANap7ULdInlQ74Q8=
